
Microsoft Visual Studio Solution File, Format Version 12.00
# Visual Studio 15
VisualStudioVersion = 15.0.28307.136
MinimumVisualStudioVersion = 10.0.40219.1
Project("{8BC9CEB8-8B4A-11D0-8D11-00A0C91BC942}") = "shenglei", "shenglei.vcxproj", "{B8EA5105-EBDC-39E3-8C3B-95BADD0146A4}"
EndProject
Global
	GlobalSection(SolutionConfigurationPlatforms) = preSolution
		Debug|x86 = Debug|x86
		Release|x86 = Release|x86
	EndGlobalSection
	GlobalSection(ProjectConfigurationPlatforms) = postSolution
		{B8EA5105-EBDC-39E3-8C3B-95BADD0146A4}.Debug|x86.ActiveCfg = Debug|Win32
		{B8EA5105-EBDC-39E3-8C3B-95BADD0146A4}.Debug|x86.Build.0 = Debug|Win32
		{B8EA5105-EBDC-39E3-8C3B-95BADD0146A4}.Release|x86.ActiveCfg = Release|Win32
		{B8EA5105-EBDC-39E3-8C3B-95BADD0146A4}.Release|x86.Build.0 = Release|Win32
	EndGlobalSection
	GlobalSection(SolutionProperties) = preSolution
		HideSolutionNode = FALSE
	EndGlobalSection
	GlobalSection(ExtensibilityGlobals) = postSolution
		SolutionGuid = {D8D96D57-9211-415B-A150-0AA4525159F5}
	EndGlobalSection
EndGlobal
